Microsoft Visual Studio Solution File, Format Version 12.00
# Visual Studio Version 17
VisualStudioVersion = 17.5.2.0
MinimumVisualStudioVersion = 10.0.40219.1
Project("{FAE04EC0-301F-11D3-BF4B-00C04F79EFBC}") = "ConsumerDbzPlanet", "ConsumerDbzPlanet\ConsumerDbzPlanet.csproj", "{10ED0A8D-5400-7AF1-BE05-0AB24D8E4510}"
EndProject
Global
	GlobalSection(SolutionConfigurationPlatforms) = preSolution
		Debug|Any CPU = Debug|Any CPU
		Release|Any CPU = Release|Any CPU
	EndGlobalSection
	GlobalSection(ProjectConfigurationPlatforms) = postSolution
		{10ED0A8D-5400-7AF1-BE05-0AB24D8E4510}.Debug|Any CPU.ActiveCfg = Debug|Any CPU
		{10ED0A8D-5400-7AF1-BE05-0AB24D8E4510}.Debug|Any CPU.Build.0 = Debug|Any CPU
		{10ED0A8D-5400-7AF1-BE05-0AB24D8E4510}.Release|Any CPU.ActiveCfg = Release|Any CPU
		{10ED0A8D-5400-7AF1-BE05-0AB24D8E4510}.Release|Any CPU.Build.0 = Release|Any CPU
	EndGlobalSection
	GlobalSection(SolutionProperties) = preSolution
		HideSolutionNode = FALSE
	EndGlobalSection
	GlobalSection(ExtensibilityGlobals) = postSolution
		SolutionGuid = {A0C0228E-FD9F-4A39-A543-3FD03435D71B}
	EndGlobalSection
EndGlobal
